
Microsoft Visual Studio Solution File, Format Version 12.00
# Visual Studio 15
Project("{FAE04EC0-301F-11D3-BF4B-00C04F79EFBC}") = "UnityEngine.SpatialTracking", "UnityEngine.SpatialTracking.csproj", "{D226F95F-1318-6886-3A0D-14F0FAA38367}"
EndProject
Project("{FAE04EC0-301F-11D3-BF4B-00C04F79EFBC}") = "UnityEngine.TestRunner", "UnityEngine.TestRunner.csproj", "{7A99FFB7-81C2-93A5-CA95-8E9D622CE182}"
EndProject
Project("{FAE04EC0-301F-11D3-BF4B-00C04F79EFBC}") = "UnityEngine.XR.LegacyInputHelpers", "UnityEngine.XR.LegacyInputHelpers.csproj", "{490F5B24-25C7-9D31-B775-34216A9612C5}"
EndProject
Project("{FAE04EC0-301F-11D3-BF4B-00C04F79EFBC}") = "Unity.XR.ARKit", "Unity.XR.ARKit.csproj", "{3D78DB5C-03D3-292A-8A52-EE6EF8A0B8F8}"
EndProject
Project("{FAE04EC0-301F-11D3-BF4B-00C04F79EFBC}") = "Unity.XR.ARSubsystems", "Unity.XR.ARSubsystems.csproj", "{CFF512A1-99AB-1D76-7F34-342FAC56B20F}"
EndProject
Project("{FAE04EC0-301F-11D3-BF4B-00C04F79EFBC}") = "Unity.XR.WindowsMixedReality", "Unity.XR.WindowsMixedReality.csproj", "{0C6A00C6-6715-BA25-B332-9449CB1CE86E}"
EndProject
Project("{FAE04EC0-301F-11D3-BF4B-00C04F79EFBC}") = "Unity.XR.ARFoundation", "Unity.XR.ARFoundation.csproj", "{5BA0B3C6-0F09-838D-9FF7-C9D761DE3BFC}"
EndProject
Project("{FAE04EC0-301F-11D3-BF4B-00C04F79EFBC}") = "Unity.Timeline", "Unity.Timeline.csproj", "{CF4B0166-E9D1-8AD4-F6B4-94A9BFC1FBBD}"
EndProject
Project("{FAE04EC0-301F-11D3-BF4B-00C04F79EFBC}") = "Unity.XR.ARCore", "Unity.XR.ARCore.csproj", "{DA31F018-D5AC-D3F8-16DC-6154AA1AD589}"
EndProject
Project("{FAE04EC0-301F-11D3-BF4B-00C04F79EFBC}") = "UnityEngine.XR.MagicLeap", "UnityEngine.XR.MagicLeap.csproj", "{25E41DF7-1118-9A54-FD7F-B4F8F2725F1F}"
EndProject
Project("{FAE04EC0-301F-11D3-BF4B-00C04F79EFBC}") = "Unity.TextMeshPro", "Unity.TextMeshPro.csproj", "{473BBF0E-E047-5D3D-255D-65CA97C870C7}"
EndProject
Project("{FAE04EC0-301F-11D3-BF4B-00C04F79EFBC}") = "Unity.XR.Management", "Unity.XR.Management.csproj", "{7B8AEDAD-004C-90BB-FED4-662854355AC5}"
EndProject
Project("{FAE04EC0-301F-11D3-BF4B-00C04F79EFBC}") = "Unity.InteractiveTutorials.Core.Scripts", "Unity.InteractiveTutorials.Core.Scripts.csproj", "{AFC42043-3488-6B53-7302-2146F89BCAC4}"
EndProject
Project("{FAE04EC0-301F-11D3-BF4B-00C04F79EFBC}") = "Unity.XR.InteractionSubsystems", "Unity.XR.InteractionSubsystems.csproj", "{BA2005E9-8DE8-BD43-A508-A4882D680BFC}"
EndProject
Project("{FAE04EC0-301F-11D3-BF4B-00C04F79EFBC}") = "Assembly-CSharp", "Assembly-CSharp.csproj", "{0C41C588-EF25-0153-0876-21B81D130391}"
EndProject
Project("{FAE04EC0-301F-11D3-BF4B-00C04F79EFBC}") = "Unity.Subsystem.Registration", "Unity.Subsystem.Registration.csproj", "{173E903E-6712-7E5C-B3A9-843131B14C5D}"
EndProject
Project("{FAE04EC0-301F-11D3-BF4B-00C04F79EFBC}") = "Unity.XR.Management.Editor", "Unity.XR.Management.Editor.csproj", "{DE2129D9-9069-9237-8491-3FE2BCA4FEAB}"
EndProject
Project("{FAE04EC0-301F-11D3-BF4B-00C04F79EFBC}") = "UnityEditor.TestRunner", "UnityEditor.TestRunner.csproj", "{1F565ACA-7949-2C79-6F00-2C65555C9686}"
EndProject
Project("{FAE04EC0-301F-11D3-BF4B-00C04F79EFBC}") = "Unity.InteractiveTutorials.Core", "Unity.InteractiveTutorials.Core.csproj", "{0C27FCCE-18A0-4424-3750-9801854C7BA4}"
EndProject
Project("{FAE04EC0-301F-11D3-BF4B-00C04F79EFBC}") = "Unity.VisualStudio.Editor", "Unity.VisualStudio.Editor.csproj", "{4DFC3E3F-EBE2-F9AC-C65F-13E146A1A682}"
EndProject
Project("{FAE04EC0-301F-11D3-BF4B-00C04F79EFBC}") = "Unity.Timeline.Editor", "Unity.Timeline.Editor.csproj", "{1E820EF1-D87F-CA09-D14A-FD2A7B998377}"
EndProject
Project("{FAE04EC0-301F-11D3-BF4B-00C04F79EFBC}") = "Unity.XR.ARFoundation.Editor", "Unity.XR.ARFoundation.Editor.csproj", "{C6A25F2E-444D-2806-4799-F6C3D43E19DF}"
EndProject
Project("{FAE04EC0-301F-11D3-BF4B-00C04F79EFBC}") = "Unity.TextMeshPro.Editor", "Unity.TextMeshPro.Editor.csproj", "{435AA986-CC8A-AC5E-6CC5-A2F87D7E1402}"
EndProject
Project("{FAE04EC0-301F-11D3-BF4B-00C04F79EFBC}") = "Unity.CollabProxy.Editor", "Unity.CollabProxy.Editor.csproj", "{4E4E08F7-D64E-EAB2-6ED6-AE411821F8FD}"
EndProject
Project("{FAE04EC0-301F-11D3-BF4B-00C04F79EFBC}") = "Unity.Rider.Editor", "Unity.Rider.Editor.csproj", "{34522D9A-8902-253F-BFDA-E2DEF9B8FCCF}"
EndProject
Project("{FAE04EC0-301F-11D3-BF4B-00C04F79EFBC}") = "UnityEditor.InteractiveTutorialsFramework", "UnityEditor.InteractiveTutorialsFramework.csproj", "{A253ACD8-8A19-A0EA-3482-40758077E4B7}"
EndProject
Project("{FAE04EC0-301F-11D3-BF4B-00C04F79EFBC}") = "UnityEditor.XR.MagicLeap", "UnityEditor.XR.MagicLeap.csproj", "{D18FFAAD-4112-BB37-D77A-757009F4D357}"
EndProject
Project("{FAE04EC0-301F-11D3-BF4B-00C04F79EFBC}") = "Unity.XR.ARKit.Editor", "Unity.XR.ARKit.Editor.csproj", "{A1F99759-0AFE-827D-E87F-F203811EA916}"
EndProject
Project("{FAE04EC0-301F-11D3-BF4B-00C04F79EFBC}") = "Unity.XR.WindowsMixedReality.Editor", "Unity.XR.WindowsMixedReality.Editor.csproj", "{7936EABD-7DD0-8CEF-DC13-43ABA4AEBE84}"
EndProject
Project("{FAE04EC0-301F-11D3-BF4B-00C04F79EFBC}") = "UnityEditor.XR.LegacyInputHelpers", "UnityEditor.XR.LegacyInputHelpers.csproj", "{32C1640E-2856-1C07-0100-E307BA9BF720}"
EndProject
Project("{FAE04EC0-301F-11D3-BF4B-00C04F79EFBC}") = "Unity.VSCode.Editor", "Unity.VSCode.Editor.csproj", "{7DF9121B-5D25-1444-21D1-8E64A6AF58D1}"
EndProject
Project("{FAE04EC0-301F-11D3-BF4B-00C04F79EFBC}") = "Unity.Settings.Editor", "Unity.Settings.Editor.csproj", "{F79DA70F-4C65-DE88-0028-3A3E9821EEE9}"
EndProject
Project("{FAE04EC0-301F-11D3-BF4B-00C04F79EFBC}") = "Unity.EditorCoroutines.Editor", "Unity.EditorCoroutines.Editor.csproj", "{F477710B-444C-D48B-90E7-A179DC368B8A}"
EndProject
Project("{FAE04EC0-301F-11D3-BF4B-00C04F79EFBC}") = "UnityEditor.SpatialTracking", "UnityEditor.SpatialTracking.csproj", "{B47E4D86-36BF-6D1E-E774-37B25E6785DF}"
EndProject
Project("{FAE04EC0-301F-11D3-BF4B-00C04F79EFBC}") = "Unity.XR.ARCore.Editor", "Unity.XR.ARCore.Editor.csproj", "{A35C37B2-22AC-A905-77A3-813DEADAF403}"
EndProject
Project("{FAE04EC0-301F-11D3-BF4B-00C04F79EFBC}") = "Unity.XR.ARSubsystems.Editor", "Unity.XR.ARSubsystems.Editor.csproj", "{394EAF7F-B820-3257-B0D1-F7D3F1EC42D4}"
EndProject
Project("{FAE04EC0-301F-11D3-BF4B-00C04F79EFBC}") = "Unity.InternalAPIEditorBridge.005", "Unity.InternalAPIEditorBridge.005.csproj", "{2733635E-9BD4-D32D-1F6A-C3C168BAC104}"
EndProject
Global
	GlobalSection(SolutionConfigurationPlatforms) = preSolution
		Debug|Any CPU = Debug|Any CPU
		Release|Any CPU = Release|Any CPU
	EndGlobalSection
	GlobalSection(ProjectConfigurationPlatforms) = postSolution
		{D226F95F-1318-6886-3A0D-14F0FAA38367}.Debug|Any CPU.ActiveCfg = Debug|Any CPU
		{D226F95F-1318-6886-3A0D-14F0FAA38367}.Debug|Any CPU.Build.0 = Debug|Any CPU
		{D226F95F-1318-6886-3A0D-14F0FAA38367}.Release|Any CPU.ActiveCfg = Release|Any CPU
		{D226F95F-1318-6886-3A0D-14F0FAA38367}.Release|Any CPU.Build.0 = Release|Any CPU
		{7A99FFB7-81C2-93A5-CA95-8E9D622CE182}.Debug|Any CPU.ActiveCfg = Debug|Any CPU
		{7A99FFB7-81C2-93A5-CA95-8E9D622CE182}.Debug|Any CPU.Build.0 = Debug|Any CPU
		{7A99FFB7-81C2-93A5-CA95-8E9D622CE182}.Release|Any CPU.ActiveCfg = Release|Any CPU
		{7A99FFB7-81C2-93A5-CA95-8E9D622CE182}.Release|Any CPU.Build.0 = Release|Any CPU
		{490F5B24-25C7-9D31-B775-34216A9612C5}.Debug|Any CPU.ActiveCfg = Debug|Any CPU
		{490F5B24-25C7-9D31-B775-34216A9612C5}.Debug|Any CPU.Build.0 = Debug|Any CPU
		{490F5B24-25C7-9D31-B775-34216A9612C5}.Release|Any CPU.ActiveCfg = Release|Any CPU
		{490F5B24-25C7-9D31-B775-34216A9612C5}.Release|Any CPU.Build.0 = Release|Any CPU
		{3D78DB5C-03D3-292A-8A52-EE6EF8A0B8F8}.Debug|Any CPU.ActiveCfg = Debug|Any CPU
		{3D78DB5C-03D3-292A-8A52-EE6EF8A0B8F8}.Debug|Any CPU.Build.0 = Debug|Any CPU
		{3D78DB5C-03D3-292A-8A52-EE6EF8A0B8F8}.Release|Any CPU.ActiveCfg = Release|Any CPU
		{3D78DB5C-03D3-292A-8A52-EE6EF8A0B8F8}.Release|Any CPU.Build.0 = Release|Any CPU
		{CFF512A1-99AB-1D76-7F34-342FAC56B20F}.Debug|Any CPU.ActiveCfg = Debug|Any CPU
		{CFF512A1-99AB-1D76-7F34-342FAC56B20F}.Debug|Any CPU.Build.0 = Debug|Any CPU
		{CFF512A1-99AB-1D76-7F34-342FAC56B20F}.Release|Any CPU.ActiveCfg = Release|Any CPU
		{CFF512A1-99AB-1D76-7F34-342FAC56B20F}.Release|Any CPU.Build.0 = Release|Any CPU
		{0C6A00C6-6715-BA25-B332-9449CB1CE86E}.Debug|Any CPU.ActiveCfg = Debug|Any CPU
		{0C6A00C6-6715-BA25-B332-9449CB1CE86E}.Debug|Any CPU.Build.0 = Debug|Any CPU
		{0C6A00C6-6715-BA25-B332-9449CB1CE86E}.Release|Any CPU.ActiveCfg = Release|Any CPU
		{0C6A00C6-6715-BA25-B332-9449CB1CE86E}.Release|Any CPU.Build.0 = Release|Any CPU
		{5BA0B3C6-0F09-838D-9FF7-C9D761DE3BFC}.Debug|Any CPU.ActiveCfg = Debug|Any CPU
		{5BA0B3C6-0F09-838D-9FF7-C9D761DE3BFC}.Debug|Any CPU.Build.0 = Debug|Any CPU
		{5BA0B3C6-0F09-838D-9FF7-C9D761DE3BFC}.Release|Any CPU.ActiveCfg = Release|Any CPU
		{5BA0B3C6-0F09-838D-9FF7-C9D761DE3BFC}.Release|Any CPU.Build.0 = Release|Any CPU
		{CF4B0166-E9D1-8AD4-F6B4-94A9BFC1FBBD}.Debug|Any CPU.ActiveCfg = Debug|Any CPU
		{CF4B0166-E9D1-8AD4-F6B4-94A9BFC1FBBD}.Debug|Any CPU.Build.0 = Debug|Any CPU
		{CF4B0166-E9D1-8AD4-F6B4-94A9BFC1FBBD}.Release|Any CPU.ActiveCfg = Release|Any CPU
		{CF4B0166-E9D1-8AD4-F6B4-94A9BFC1FBBD}.Release|Any CPU.Build.0 = Release|Any CPU
		{DA31F018-D5AC-D3F8-16DC-6154AA1AD589}.Debug|Any CPU.ActiveCfg = Debug|Any CPU
		{DA31F018-D5AC-D3F8-16DC-6154AA1AD589}.Debug|Any CPU.Build.0 = Debug|Any CPU
		{DA31F018-D5AC-D3F8-16DC-6154AA1AD589}.Release|Any CPU.ActiveCfg = Release|Any CPU
		{DA31F018-D5AC-D3F8-16DC-6154AA1AD589}.Release|Any CPU.Build.0 = Release|Any CPU
		{25E41DF7-1118-9A54-FD7F-B4F8F2725F1F}.Debug|Any CPU.ActiveCfg = Debug|Any CPU
		{25E41DF7-1118-9A54-FD7F-B4F8F2725F1F}.Debug|Any CPU.Build.0 = Debug|Any CPU
		{25E41DF7-1118-9A54-FD7F-B4F8F2725F1F}.Release|Any CPU.ActiveCfg = Release|Any CPU
		{25E41DF7-1118-9A54-FD7F-B4F8F2725F1F}.Release|Any CPU.Build.0 = Release|Any CPU
		{473BBF0E-E047-5D3D-255D-65CA97C870C7}.Debug|Any CPU.ActiveCfg = Debug|Any CPU
		{473BBF0E-E047-5D3D-255D-65CA97C870C7}.Debug|Any CPU.Build.0 = Debug|Any CPU
		{473BBF0E-E047-5D3D-255D-65CA97C870C7}.Release|Any CPU.ActiveCfg = Release|Any CPU
		{473BBF0E-E047-5D3D-255D-65CA97C870C7}.Release|Any CPU.Build.0 = Release|Any CPU
		{7B8AEDAD-004C-90BB-FED4-662854355AC5}.Debug|Any CPU.ActiveCfg = Debug|Any CPU
		{7B8AEDAD-004C-90BB-FED4-662854355AC5}.Debug|Any CPU.Build.0 = Debug|Any CPU
		{7B8AEDAD-004C-90BB-FED4-662854355AC5}.Release|Any CPU.ActiveCfg = Release|Any CPU
		{7B8AEDAD-004C-90BB-FED4-662854355AC5}.Release|Any CPU.Build.0 = Release|Any CPU
		{AFC42043-3488-6B53-7302-2146F89BCAC4}.Debug|Any CPU.ActiveCfg = Debug|Any CPU
		{AFC42043-3488-6B53-7302-2146F89BCAC4}.Debug|Any CPU.Build.0 = Debug|Any CPU
		{AFC42043-3488-6B53-7302-2146F89BCAC4}.Release|Any CPU.ActiveCfg = Release|Any CPU
		{AFC42043-3488-6B53-7302-2146F89BCAC4}.Release|Any CPU.Build.0 = Release|Any CPU
		{BA2005E9-8DE8-BD43-A508-A4882D680BFC}.Debug|Any CPU.ActiveCfg = Debug|Any CPU
		{BA2005E9-8DE8-BD43-A508-A4882D680BFC}.Debug|Any CPU.Build.0 = Debug|Any CPU
		{BA2005E9-8DE8-BD43-A508-A4882D680BFC}.Release|Any CPU.ActiveCfg = Release|Any CPU
		{BA2005E9-8DE8-BD43-A508-A4882D680BFC}.Release|Any CPU.Build.0 = Release|Any CPU
		{0C41C588-EF25-0153-0876-21B81D130391}.Debug|Any CPU.ActiveCfg = Debug|Any CPU
		{0C41C588-EF25-0153-0876-21B81D130391}.Debug|Any CPU.Build.0 = Debug|Any CPU
		{0C41C588-EF25-0153-0876-21B81D130391}.Release|Any CPU.ActiveCfg = Release|Any CPU
		{0C41C588-EF25-0153-0876-21B81D130391}.Release|Any CPU.Build.0 = Release|Any CPU
		{173E903E-6712-7E5C-B3A9-843131B14C5D}.Debug|Any CPU.ActiveCfg = Debug|Any CPU
		{173E903E-6712-7E5C-B3A9-843131B14C5D}.Debug|Any CPU.Build.0 = Debug|Any CPU
		{173E903E-6712-7E5C-B3A9-843131B14C5D}.Release|Any CPU.ActiveCfg = Release|Any CPU
		{173E903E-6712-7E5C-B3A9-843131B14C5D}.Release|Any CPU.Build.0 = Release|Any CPU
		{DE2129D9-9069-9237-8491-3FE2BCA4FEAB}.Debug|Any CPU.ActiveCfg = Debug|Any CPU
		{DE2129D9-9069-9237-8491-3FE2BCA4FEAB}.Debug|Any CPU.Build.0 = Debug|Any CPU
		{DE2129D9-9069-9237-8491-3FE2BCA4FEAB}.Release|Any CPU.ActiveCfg = Release|Any CPU
		{DE2129D9-9069-9237-8491-3FE2BCA4FEAB}.Release|Any CPU.Build.0 = Release|Any CPU
		{1F565ACA-7949-2C79-6F00-2C65555C9686}.Debug|Any CPU.ActiveCfg = Debug|Any CPU
		{1F565ACA-7949-2C79-6F00-2C65555C9686}.Debug|Any CPU.Build.0 = Debug|Any CPU
		{1F565ACA-7949-2C79-6F00-2C65555C9686}.Release|Any CPU.ActiveCfg = Release|Any CPU
		{1F565ACA-7949-2C79-6F00-2C65555C9686}.Release|Any CPU.Build.0 = Release|Any CPU
		{0C27FCCE-18A0-4424-3750-9801854C7BA4}.Debug|Any CPU.ActiveCfg = Debug|Any CPU
		{0C27FCCE-18A0-4424-3750-9801854C7BA4}.Debug|Any CPU.Build.0 = Debug|Any CPU
		{0C27FCCE-18A0-4424-3750-9801854C7BA4}.Release|Any CPU.ActiveCfg = Release|Any CPU
		{0C27FCCE-18A0-4424-3750-9801854C7BA4}.Release|Any CPU.Build.0 = Release|Any CPU
		{4DFC3E3F-EBE2-F9AC-C65F-13E146A1A682}.Debug|Any CPU.ActiveCfg = Debug|Any CPU
		{4DFC3E3F-EBE2-F9AC-C65F-13E146A1A682}.Debug|Any CPU.Build.0 = Debug|Any CPU
		{4DFC3E3F-EBE2-F9AC-C65F-13E146A1A682}.Release|Any CPU.ActiveCfg = Release|Any CPU
		{4DFC3E3F-EBE2-F9AC-C65F-13E146A1A682}.Release|Any CPU.Build.0 = Release|Any CPU
		{1E820EF1-D87F-CA09-D14A-FD2A7B998377}.Debug|Any CPU.ActiveCfg = Debug|Any CPU
		{1E820EF1-D87F-CA09-D14A-FD2A7B998377}.Debug|Any CPU.Build.0 = Debug|Any CPU
		{1E820EF1-D87F-CA09-D14A-FD2A7B998377}.Release|Any CPU.ActiveCfg = Release|Any CPU
		{1E820EF1-D87F-CA09-D14A-FD2A7B998377}.Release|Any CPU.Build.0 = Release|Any CPU
		{C6A25F2E-444D-2806-4799-F6C3D43E19DF}.Debug|Any CPU.ActiveCfg = Debug|Any CPU
		{C6A25F2E-444D-2806-4799-F6C3D43E19DF}.Debug|Any CPU.Build.0 = Debug|Any CPU
		{C6A25F2E-444D-2806-4799-F6C3D43E19DF}.Release|Any CPU.ActiveCfg = Release|Any CPU
		{C6A25F2E-444D-2806-4799-F6C3D43E19DF}.Release|Any CPU.Build.0 = Release|Any CPU
		{435AA986-CC8A-AC5E-6CC5-A2F87D7E1402}.Debug|Any CPU.ActiveCfg = Debug|Any CPU
		{435AA986-CC8A-AC5E-6CC5-A2F87D7E1402}.Debug|Any CPU.Build.0 = Debug|Any CPU
		{435AA986-CC8A-AC5E-6CC5-A2F87D7E1402}.Release|Any CPU.ActiveCfg = Release|Any CPU
		{435AA986-CC8A-AC5E-6CC5-A2F87D7E1402}.Release|Any CPU.Build.0 = Release|Any CPU
		{4E4E08F7-D64E-EAB2-6ED6-AE411821F8FD}.Debug|Any CPU.ActiveCfg = Debug|Any CPU
		{4E4E08F7-D64E-EAB2-6ED6-AE411821F8FD}.Debug|Any CPU.Build.0 = Debug|Any CPU
		{4E4E08F7-D64E-EAB2-6ED6-AE411821F8FD}.Release|Any CPU.ActiveCfg = Release|Any CPU
		{4E4E08F7-D64E-EAB2-6ED6-AE411821F8FD}.Release|Any CPU.Build.0 = Release|Any CPU
		{34522D9A-8902-253F-BFDA-E2DEF9B8FCCF}.Debug|Any CPU.ActiveCfg = Debug|Any CPU
		{34522D9A-8902-253F-BFDA-E2DEF9B8FCCF}.Debug|Any CPU.Build.0 = Debug|Any CPU
		{34522D9A-8902-253F-BFDA-E2DEF9B8FCCF}.Release|Any CPU.ActiveCfg = Release|Any CPU
		{34522D9A-8902-253F-BFDA-E2DEF9B8FCCF}.Release|Any CPU.Build.0 = Release|Any CPU
		{A253ACD8-8A19-A0EA-3482-40758077E4B7}.Debug|Any CPU.ActiveCfg = Debug|Any CPU
		{A253ACD8-8A19-A0EA-3482-40758077E4B7}.Debug|Any CPU.Build.0 = Debug|Any CPU
		{A253ACD8-8A19-A0EA-3482-40758077E4B7}.Release|Any CPU.ActiveCfg = Release|Any CPU
		{A253ACD8-8A19-A0EA-3482-40758077E4B7}.Release|Any CPU.Build.0 = Release|Any CPU
		{D18FFAAD-4112-BB37-D77A-757009F4D357}.Debug|Any CPU.ActiveCfg = Debug|Any CPU
		{D18FFAAD-4112-BB37-D77A-757009F4D357}.Debug|Any CPU.Build.0 = Debug|Any CPU
		{D18FFAAD-4112-BB37-D77A-757009F4D357}.Release|Any CPU.ActiveCfg = Release|Any CPU
		{D18FFAAD-4112-BB37-D77A-757009F4D357}.Release|Any CPU.Build.0 = Release|Any CPU
		{A1F99759-0AFE-827D-E87F-F203811EA916}.Debug|Any CPU.ActiveCfg = Debug|Any CPU
		{A1F99759-0AFE-827D-E87F-F203811EA916}.Debug|Any CPU.Build.0 = Debug|Any CPU
		{A1F99759-0AFE-827D-E87F-F203811EA916}.Release|Any CPU.ActiveCfg = Release|Any CPU
		{A1F99759-0AFE-827D-E87F-F203811EA916}.Release|Any CPU.Build.0 = Release|Any CPU
		{7936EABD-7DD0-8CEF-DC13-43ABA4AEBE84}.Debug|Any CPU.ActiveCfg = Debug|Any CPU
		{7936EABD-7DD0-8CEF-DC13-43ABA4AEBE84}.Debug|Any CPU.Build.0 = Debug|Any CPU
		{7936EABD-7DD0-8CEF-DC13-43ABA4AEBE84}.Release|Any CPU.ActiveCfg = Release|Any CPU
		{7936EABD-7DD0-8CEF-DC13-43ABA4AEBE84}.Release|Any CPU.Build.0 = Release|Any CPU
		{32C1640E-2856-1C07-0100-E307BA9BF720}.Debug|Any CPU.ActiveCfg = Debug|Any CPU
		{32C1640E-2856-1C07-0100-E307BA9BF720}.Debug|Any CPU.Build.0 = Debug|Any CPU
		{32C1640E-2856-1C07-0100-E307BA9BF720}.Release|Any CPU.ActiveCfg = Release|Any CPU
		{32C1640E-2856-1C07-0100-E307BA9BF720}.Release|Any CPU.Build.0 = Release|Any CPU
		{7DF9121B-5D25-1444-21D1-8E64A6AF58D1}.Debug|Any CPU.ActiveCfg = Debug|Any CPU
		{7DF9121B-5D25-1444-21D1-8E64A6AF58D1}.Debug|Any CPU.Build.0 = Debug|Any CPU
		{7DF9121B-5D25-1444-21D1-8E64A6AF58D1}.Release|Any CPU.ActiveCfg = Release|Any CPU
		{7DF9121B-5D25-1444-21D1-8E64A6AF58D1}.Release|Any CPU.Build.0 = Release|Any CPU
		{F79DA70F-4C65-DE88-0028-3A3E9821EEE9}.Debug|Any CPU.ActiveCfg = Debug|Any CPU
		{F79DA70F-4C65-DE88-0028-3A3E9821EEE9}.Debug|Any CPU.Build.0 = Debug|Any CPU
		{F79DA70F-4C65-DE88-0028-3A3E9821EEE9}.Release|Any CPU.ActiveCfg = Release|Any CPU
		{F79DA70F-4C65-DE88-0028-3A3E9821EEE9}.Release|Any CPU.Build.0 = Release|Any CPU
		{F477710B-444C-D48B-90E7-A179DC368B8A}.Debug|Any CPU.ActiveCfg = Debug|Any CPU
		{F477710B-444C-D48B-90E7-A179DC368B8A}.Debug|Any CPU.Build.0 = Debug|Any CPU
		{F477710B-444C-D48B-90E7-A179DC368B8A}.Release|Any CPU.ActiveCfg = Release|Any CPU
		{F477710B-444C-D48B-90E7-A179DC368B8A}.Release|Any CPU.Build.0 = Release|Any CPU
		{B47E4D86-36BF-6D1E-E774-37B25E6785DF}.Debug|Any CPU.ActiveCfg = Debug|Any CPU
		{B47E4D86-36BF-6D1E-E774-37B25E6785DF}.Debug|Any CPU.Build.0 = Debug|Any CPU
		{B47E4D86-36BF-6D1E-E774-37B25E6785DF}.Release|Any CPU.ActiveCfg = Release|Any CPU
		{B47E4D86-36BF-6D1E-E774-37B25E6785DF}.Release|Any CPU.Build.0 = Release|Any CPU
		{A35C37B2-22AC-A905-77A3-813DEADAF403}.Debug|Any CPU.ActiveCfg = Debug|Any CPU
		{A35C37B2-22AC-A905-77A3-813DEADAF403}.Debug|Any CPU.Build.0 = Debug|Any CPU
		{A35C37B2-22AC-A905-77A3-813DEADAF403}.Release|Any CPU.ActiveCfg = Release|Any CPU
		{A35C37B2-22AC-A905-77A3-813DEADAF403}.Release|Any CPU.Build.0 = Release|Any CPU
		{394EAF7F-B820-3257-B0D1-F7D3F1EC42D4}.Debug|Any CPU.ActiveCfg = Debug|Any CPU
		{394EAF7F-B820-3257-B0D1-F7D3F1EC42D4}.Debug|Any CPU.Build.0 = Debug|Any CPU
		{394EAF7F-B820-3257-B0D1-F7D3F1EC42D4}.Release|Any CPU.ActiveCfg = Release|Any CPU
		{394EAF7F-B820-3257-B0D1-F7D3F1EC42D4}.Release|Any CPU.Build.0 = Release|Any CPU
		{2733635E-9BD4-D32D-1F6A-C3C168BAC104}.Debug|Any CPU.ActiveCfg = Debug|Any CPU
		{2733635E-9BD4-D32D-1F6A-C3C168BAC104}.Debug|Any CPU.Build.0 = Debug|Any CPU
		{2733635E-9BD4-D32D-1F6A-C3C168BAC104}.Release|Any CPU.ActiveCfg = Release|Any CPU
		{2733635E-9BD4-D32D-1F6A-C3C168BAC104}.Release|Any CPU.Build.0 = Release|Any CPU
	EndGlobalSection
	GlobalSection(SolutionProperties) = preSolution
		HideSolutionNode = FALSE
	EndGlobalSection
EndGlobal
